
Microsoft Visual Studio Solution File, Format Version 12.00
# Visual Studio Version 16
VisualStudioVersion = 16.0.33423.256
MinimumVisualStudioVersion = 10.0.40219.1
Project("{8BC9CEB8-8B4A-11D0-8D11-00A0C91BC942}") = "Study", "Study\Study.vcxproj", "{C120F9C0-C9EC-44F6-8461-89A9492C7BB3}"
EndProject
Global
	GlobalSection(SolutionConfigurationPlatforms) = preSolution
		Debug|x64 = Debug|x64
		Debug|x86 = Debug|x86
		Release|x64 = Release|x64
		Release|x86 = Release|x86
	EndGlobalSection
	GlobalSection(ProjectConfigurationPlatforms) = postSolution
		{C120F9C0-C9EC-44F6-8461-89A9492C7BB3}.Debug|x64.ActiveCfg = Debug|x64
		{C120F9C0-C9EC-44F6-8461-89A9492C7BB3}.Debug|x64.Build.0 = Debug|x64
		{C120F9C0-C9EC-44F6-8461-89A9492C7BB3}.Debug|x86.ActiveCfg = Debug|Win32
		{C120F9C0-C9EC-44F6-8461-89A9492C7BB3}.Debug|x86.Build.0 = Debug|Win32
		{C120F9C0-C9EC-44F6-8461-89A9492C7BB3}.Release|x64.ActiveCfg = Release|x64
		{C120F9C0-C9EC-44F6-8461-89A9492C7BB3}.Release|x64.Build.0 = Release|x64
		{C120F9C0-C9EC-44F6-8461-89A9492C7BB3}.Release|x86.ActiveCfg = Release|Win32
		{C120F9C0-C9EC-44F6-8461-89A9492C7BB3}.Release|x86.Build.0 = Release|Win32
	EndGlobalSection
	GlobalSection(SolutionProperties) = preSolution
		HideSolutionNode = FALSE
	EndGlobalSection
	GlobalSection(ExtensibilityGlobals) = postSolution
		SolutionGuid = {A02D50F5-82A4-4555-B9BB-C88FBE6F6A8D}
	EndGlobalSection
EndGlobal
